
Microsoft Visual Studio Solution File, Format Version 12.00
# Visual Studio 15
VisualStudioVersion = 15.0.27130.2010
MinimumVisualStudioVersion = 10.0.40219.1
Project("{9A19103F-16F7-4668-BE54-9A1E7A4F7556}") = "SpyStore", "SpyStore\SpyStore.csproj", "{3AF32D59-0AA4-4120-AD03-AF88514671BC}"
EndProject
Project("{9A19103F-16F7-4668-BE54-9A1E7A4F7556}") = "API", "API\API.csproj", "{ECAC5ACF-AC89-497B-9DA6-5482ECFF1D0F}"
EndProject
Project("{FAE04EC0-301F-11D3-BF4B-00C04F79EFBC}") = "Domain", "Domain\Domain.csproj", "{8BBA2CDD-915E-4EF0-93E1-6E313A80C79D}"
EndProject
Project("{FAE04EC0-301F-11D3-BF4B-00C04F79EFBC}") = "Core", "Core\Core.csproj", "{3487D454-2658-4A3B-B7D0-77EEF8866836}"
EndProject
Project("{FAE04EC0-301F-11D3-BF4B-00C04F79EFBC}") = "Repository", "Repository\Repository.csproj", "{327CAC0C-846A-4646-8C38-A0864E2D06FB}"
EndProject
Project("{FAE04EC0-301F-11D3-BF4B-00C04F79EFBC}") = "Services", "Services\Services.csproj", "{FCDFA054-F911-4F02-BCF4-1DC16112C62F}"
EndProject
Global
	GlobalSection(SolutionConfigurationPlatforms) = preSolution
		Debug|Any CPU = Debug|Any CPU
		Debug|ARM = Debug|ARM
		Debug|x64 = Debug|x64
		Debug|x86 = Debug|x86
		Release|Any CPU = Release|Any CPU
		Release|ARM = Release|ARM
		Release|x64 = Release|x64
		Release|x86 = Release|x86
	EndGlobalSection
	GlobalSection(ProjectConfigurationPlatforms) = postSolution
		{3AF32D59-0AA4-4120-AD03-AF88514671BC}.Debug|Any CPU.ActiveCfg = Debug|Any CPU
		{3AF32D59-0AA4-4120-AD03-AF88514671BC}.Debug|Any CPU.Build.0 = Debug|Any CPU
		{3AF32D59-0AA4-4120-AD03-AF88514671BC}.Debug|ARM.ActiveCfg = Debug|Any CPU
		{3AF32D59-0AA4-4120-AD03-AF88514671BC}.Debug|ARM.Build.0 = Debug|Any CPU
		{3AF32D59-0AA4-4120-AD03-AF88514671BC}.Debug|x64.ActiveCfg = Debug|Any CPU
		{3AF32D59-0AA4-4120-AD03-AF88514671BC}.Debug|x64.Build.0 = Debug|Any CPU
		{3AF32D59-0AA4-4120-AD03-AF88514671BC}.Debug|x86.ActiveCfg = Debug|Any CPU
		{3AF32D59-0AA4-4120-AD03-AF88514671BC}.Debug|x86.Build.0 = Debug|Any CPU
		{3AF32D59-0AA4-4120-AD03-AF88514671BC}.Release|Any CPU.ActiveCfg = Release|Any CPU
		{3AF32D59-0AA4-4120-AD03-AF88514671BC}.Release|Any CPU.Build.0 = Release|Any CPU
		{3AF32D59-0AA4-4120-AD03-AF88514671BC}.Release|ARM.ActiveCfg = Release|Any CPU
		{3AF32D59-0AA4-4120-AD03-AF88514671BC}.Release|ARM.Build.0 = Release|Any CPU
		{3AF32D59-0AA4-4120-AD03-AF88514671BC}.Release|x64.ActiveCfg = Release|Any CPU
		{3AF32D59-0AA4-4120-AD03-AF88514671BC}.Release|x64.Build.0 = Release|Any CPU
		{3AF32D59-0AA4-4120-AD03-AF88514671BC}.Release|x86.ActiveCfg = Release|Any CPU
		{3AF32D59-0AA4-4120-AD03-AF88514671BC}.Release|x86.Build.0 = Release|Any CPU
		{ECAC5ACF-AC89-497B-9DA6-5482ECFF1D0F}.Debug|Any CPU.ActiveCfg = Debug|Any CPU
		{ECAC5ACF-AC89-497B-9DA6-5482ECFF1D0F}.Debug|Any CPU.Build.0 = Debug|Any CPU
		{ECAC5ACF-AC89-497B-9DA6-5482ECFF1D0F}.Debug|ARM.ActiveCfg = Debug|Any CPU
		{ECAC5ACF-AC89-497B-9DA6-5482ECFF1D0F}.Debug|ARM.Build.0 = Debug|Any CPU
		{ECAC5ACF-AC89-497B-9DA6-5482ECFF1D0F}.Debug|x64.ActiveCfg = Debug|Any CPU
		{ECAC5ACF-AC89-497B-9DA6-5482ECFF1D0F}.Debug|x64.Build.0 = Debug|Any CPU
		{ECAC5ACF-AC89-497B-9DA6-5482ECFF1D0F}.Debug|x86.ActiveCfg = Debug|Any CPU
		{ECAC5ACF-AC89-497B-9DA6-5482ECFF1D0F}.Debug|x86.Build.0 = Debug|Any CPU
		{ECAC5ACF-AC89-497B-9DA6-5482ECFF1D0F}.Release|Any CPU.ActiveCfg = Release|Any CPU
		{ECAC5ACF-AC89-497B-9DA6-5482ECFF1D0F}.Release|Any CPU.Build.0 = Release|Any CPU
		{ECAC5ACF-AC89-497B-9DA6-5482ECFF1D0F}.Release|ARM.ActiveCfg = Release|Any CPU
		{ECAC5ACF-AC89-497B-9DA6-5482ECFF1D0F}.Release|ARM.Build.0 = Release|Any CPU
		{ECAC5ACF-AC89-497B-9DA6-5482ECFF1D0F}.Release|x64.ActiveCfg = Release|Any CPU
		{ECAC5ACF-AC89-497B-9DA6-5482ECFF1D0F}.Release|x64.Build.0 = Release|Any CPU
		{ECAC5ACF-AC89-497B-9DA6-5482ECFF1D0F}.Release|x86.ActiveCfg = Release|Any CPU
		{ECAC5ACF-AC89-497B-9DA6-5482ECFF1D0F}.Release|x86.Build.0 = Release|Any CPU
		{8BBA2CDD-915E-4EF0-93E1-6E313A80C79D}.Debug|Any CPU.ActiveCfg = Debug|Any CPU
		{8BBA2CDD-915E-4EF0-93E1-6E313A80C79D}.Debug|Any CPU.Build.0 = Debug|Any CPU
		{8BBA2CDD-915E-4EF0-93E1-6E313A80C79D}.Debug|ARM.ActiveCfg = Debug|Any CPU
		{8BBA2CDD-915E-4EF0-93E1-6E313A80C79D}.Debug|ARM.Build.0 = Debug|Any CPU
		{8BBA2CDD-915E-4EF0-93E1-6E313A80C79D}.Debug|x64.ActiveCfg = Debug|Any CPU
		{8BBA2CDD-915E-4EF0-93E1-6E313A80C79D}.Debug|x64.Build.0 = Debug|Any CPU
		{8BBA2CDD-915E-4EF0-93E1-6E313A80C79D}.Debug|x86.ActiveCfg = Debug|Any CPU
		{8BBA2CDD-915E-4EF0-93E1-6E313A80C79D}.Debug|x86.Build.0 = Debug|Any CPU
		{8BBA2CDD-915E-4EF0-93E1-6E313A80C79D}.Release|Any CPU.ActiveCfg = Release|Any CPU
		{8BBA2CDD-915E-4EF0-93E1-6E313A80C79D}.Release|Any CPU.Build.0 = Release|Any CPU
		{8BBA2CDD-915E-4EF0-93E1-6E313A80C79D}.Release|ARM.ActiveCfg = Release|Any CPU
		{8BBA2CDD-915E-4EF0-93E1-6E313A80C79D}.Release|ARM.Build.0 = Release|Any CPU
		{8BBA2CDD-915E-4EF0-93E1-6E313A80C79D}.Release|x64.ActiveCfg = Release|Any CPU
		{8BBA2CDD-915E-4EF0-93E1-6E313A80C79D}.Release|x64.Build.0 = Release|Any CPU
		{8BBA2CDD-915E-4EF0-93E1-6E313A80C79D}.Release|x86.ActiveCfg = Release|Any CPU
		{8BBA2CDD-915E-4EF0-93E1-6E313A80C79D}.Release|x86.Build.0 = Release|Any CPU
		{3487D454-2658-4A3B-B7D0-77EEF8866836}.Debug|Any CPU.ActiveCfg = Debug|Any CPU
		{3487D454-2658-4A3B-B7D0-77EEF8866836}.Debug|Any CPU.Build.0 = Debug|Any CPU
		{3487D454-2658-4A3B-B7D0-77EEF8866836}.Debug|ARM.ActiveCfg = Debug|Any CPU
		{3487D454-2658-4A3B-B7D0-77EEF8866836}.Debug|ARM.Build.0 = Debug|Any CPU
		{3487D454-2658-4A3B-B7D0-77EEF8866836}.Debug|x64.ActiveCfg = Debug|Any CPU
		{3487D454-2658-4A3B-B7D0-77EEF8866836}.Debug|x64.Build.0 = Debug|Any CPU
		{3487D454-2658-4A3B-B7D0-77EEF8866836}.Debug|x86.ActiveCfg = Debug|Any CPU
		{3487D454-2658-4A3B-B7D0-77EEF8866836}.Debug|x86.Build.0 = Debug|Any CPU
		{3487D454-2658-4A3B-B7D0-77EEF8866836}.Release|Any CPU.ActiveCfg = Release|Any CPU
		{3487D454-2658-4A3B-B7D0-77EEF8866836}.Release|Any CPU.Build.0 = Release|Any CPU
		{3487D454-2658-4A3B-B7D0-77EEF8866836}.Release|ARM.ActiveCfg = Release|Any CPU
		{3487D454-2658-4A3B-B7D0-77EEF8866836}.Release|ARM.Build.0 = Release|Any CPU
		{3487D454-2658-4A3B-B7D0-77EEF8866836}.Release|x64.ActiveCfg = Release|Any CPU
		{3487D454-2658-4A3B-B7D0-77EEF8866836}.Release|x64.Build.0 = Release|Any CPU
		{3487D454-2658-4A3B-B7D0-77EEF8866836}.Release|x86.ActiveCfg = Release|Any CPU
		{3487D454-2658-4A3B-B7D0-77EEF8866836}.Release|x86.Build.0 = Release|Any CPU
		{327CAC0C-846A-4646-8C38-A0864E2D06FB}.Debug|Any CPU.ActiveCfg = Debug|Any CPU
		{327CAC0C-846A-4646-8C38-A0864E2D06FB}.Debug|Any CPU.Build.0 = Debug|Any CPU
		{327CAC0C-846A-4646-8C38-A0864E2D06FB}.Debug|ARM.ActiveCfg = Debug|Any CPU
		{327CAC0C-846A-4646-8C38-A0864E2D06FB}.Debug|ARM.Build.0 = Debug|Any CPU
		{327CAC0C-846A-4646-8C38-A0864E2D06FB}.Debug|x64.ActiveCfg = Debug|Any CPU
		{327CAC0C-846A-4646-8C38-A0864E2D06FB}.Debug|x64.Build.0 = Debug|Any CPU
		{327CAC0C-846A-4646-8C38-A0864E2D06FB}.Debug|x86.ActiveCfg = Debug|Any CPU
		{327CAC0C-846A-4646-8C38-A0864E2D06FB}.Debug|x86.Build.0 = Debug|Any CPU
		{327CAC0C-846A-4646-8C38-A0864E2D06FB}.Release|Any CPU.ActiveCfg = Release|Any CPU
		{327CAC0C-846A-4646-8C38-A0864E2D06FB}.Release|Any CPU.Build.0 = Release|Any CPU
		{327CAC0C-846A-4646-8C38-A0864E2D06FB}.Release|ARM.ActiveCfg = Release|Any CPU
		{327CAC0C-846A-4646-8C38-A0864E2D06FB}.Release|ARM.Build.0 = Release|Any CPU
		{327CAC0C-846A-4646-8C38-A0864E2D06FB}.Release|x64.ActiveCfg = Release|Any CPU
		{327CAC0C-846A-4646-8C38-A0864E2D06FB}.Release|x64.Build.0 = Release|Any CPU
		{327CAC0C-846A-4646-8C38-A0864E2D06FB}.Release|x86.ActiveCfg = Release|Any CPU
		{327CAC0C-846A-4646-8C38-A0864E2D06FB}.Release|x86.Build.0 = Release|Any CPU
		{FCDFA054-F911-4F02-BCF4-1DC16112C62F}.Debug|Any CPU.ActiveCfg = Debug|Any CPU
		{FCDFA054-F911-4F02-BCF4-1DC16112C62F}.Debug|Any CPU.Build.0 = Debug|Any CPU
		{FCDFA054-F911-4F02-BCF4-1DC16112C62F}.Debug|ARM.ActiveCfg = Debug|Any CPU
		{FCDFA054-F911-4F02-BCF4-1DC16112C62F}.Debug|ARM.Build.0 = Debug|Any CPU
		{FCDFA054-F911-4F02-BCF4-1DC16112C62F}.Debug|x64.ActiveCfg = Debug|Any CPU
		{FCDFA054-F911-4F02-BCF4-1DC16112C62F}.Debug|x64.Build.0 = Debug|Any CPU
		{FCDFA054-F911-4F02-BCF4-1DC16112C62F}.Debug|x86.ActiveCfg = Debug|Any CPU
		{FCDFA054-F911-4F02-BCF4-1DC16112C62F}.Debug|x86.Build.0 = Debug|Any CPU
		{FCDFA054-F911-4F02-BCF4-1DC16112C62F}.Release|Any CPU.ActiveCfg = Release|Any CPU
		{FCDFA054-F911-4F02-BCF4-1DC16112C62F}.Release|Any CPU.Build.0 = Release|Any CPU
		{FCDFA054-F911-4F02-BCF4-1DC16112C62F}.Release|ARM.ActiveCfg = Release|Any CPU
		{FCDFA054-F911-4F02-BCF4-1DC16112C62F}.Release|ARM.Build.0 = Release|Any CPU
		{FCDFA054-F911-4F02-BCF4-1DC16112C62F}.Release|x64.ActiveCfg = Release|Any CPU
		{FCDFA054-F911-4F02-BCF4-1DC16112C62F}.Release|x64.Build.0 = Release|Any CPU
		{FCDFA054-F911-4F02-BCF4-1DC16112C62F}.Release|x86.ActiveCfg = Release|Any CPU
		{FCDFA054-F911-4F02-BCF4-1DC16112C62F}.Release|x86.Build.0 = Release|Any CPU
	EndGlobalSection
	GlobalSection(SolutionProperties) = preSolution
		HideSolutionNode = FALSE
	EndGlobalSection
	GlobalSection(ExtensibilityGlobals) = postSolution
		SolutionGuid = {EB5AAEC7-494D-452C-B6CD-9B650AF55F7C}
	EndGlobalSection
EndGlobal
